<?xml version="1.0" encoding="utf-8"?>
<Project ToolsVersion="4.0" xmlns="http://schemas.microsoft.com/developer/msbuild/2003">
  <ItemGroup>
    <Filter Include="Source Files">
      <UniqueIdentifier>{4FC737F1-C7A5-4376-A066-2A32D752A2FF}</UniqueIdentifier>
      <Extensions>cpp;c;cc;cxx;def;odl;idl;hpj;bat;asm;asmx</Extensions>
    </Filter>
    <Filter Include="Header Files">
      <UniqueIdentifier>{93995380-89BD-4b04-88EB-625FBE52EBFB}</UniqueIdentifier>
      <Extensions>h;hh;hpp;hxx;hm;inl;inc;xsd</Extensions>
    </Filter>
    <Filter Include="Resource Files">
      <UniqueIdentifier>{67DA6AB6-F800-4c08-8B7A-83BB121AAD01}</UniqueIdentifier>
      <Extensions>rc;ico;cur;bmp;dlg;rc2;rct;bin;rgs;gif;jpg;jpeg;jpe;resx;tiff;tif;png;wav;mfcribbon-ms</Extensions>
    </Filter>
    <Filter Include="Header Files\Options">
      <UniqueIdentifier>{dc4fc1a9-12de-4e57-ac70-7df885b816e0}</UniqueIdentifier>
    </Filter>
    <Filter Include="Source Files\Options">
      <UniqueIdentifier>{7e421479-7e0d-4059-beb8-6e79db58801b}</UniqueIdentifier>
    </Filter>
    <Filter Include="Header Files\stream">
      <UniqueIdentifier>{c4d8c5d1-0e09-465f-968f-b633bd92e0d4}</UniqueIdentifier>
    </Filter>
    <Filter Include="Source Files\stream">
      <UniqueIdentifier>{522dac21-e833-476c-8dc2-b5dd7c3ead3a}</UniqueIdentifier>
    </Filter>
    <Filter Include="Header Files\Utils">
      <UniqueIdentifier>{64cf6c52-25c0-4081-9b7f-2ae038016302}</UniqueIdentifier>
    </Filter>
    <Filter Include="Source Files\Utils">
      <UniqueIdentifier>{a2cb59a7-f5dd-4099-b3ac-9e57652939de}</UniqueIdentifier>
    </Filter>
    <Filter Include="Header Files\Utils\RapidJson">
      <UniqueIdentifier>{5334415f-2494-44f6-91ca-1f567216ebf2}</UniqueIdentifier>
    </Filter>
    <Filter Include="Header Files\Utils\RapidJson\msinttypes">
      <UniqueIdentifier>{6d2a5245-2fba-4fc7-ba7d-69d6a8945a8e}</UniqueIdentifier>
    </Filter>
    <Filter Include="Header Files\Utils\RapidJson\error">
      <UniqueIdentifier>{c4586017-249e-4641-bedf-f4f65e2b6b3b}</UniqueIdentifier>
    </Filter>
    <Filter Include="Header Files\Utils\RapidJson\internal">
      <UniqueIdentifier>{9b2c80aa-91ba-4d36-910f-77c3e52b9fce}</UniqueIdentifier>
    </Filter>
  </ItemGroup>
  <ItemGroup>
    <ClInclude Include="stdafx.h">
      <Filter>Header Files</Filter>
    </ClInclude>
    <ClInclude Include="targetver.h">
      <Filter>Header Files</Filter>
    </ClInclude>
    <ClInclude Include="getOpt.h">
      <Filter>Header Files\Options</Filter>
    </ClInclude>
    <ClInclude Include="cmdlineoptions.h">
      <Filter>Header Files\Options</Filter>
    </ClInclude>
    <ClInclude Include="consoleio.h">
      <Filter>Header Files\Options</Filter>
    </ClInclude>
    <ClInclude Include="execute.h">
      <Filter>Header Files</Filter>
    </ClInclude>
    <ClInclude Include="streamimpl.h">
      <Filter>Header Files\stream</Filter>
    </ClInclude>
    <ClInclude Include="SaveBitmap.h">
      <Filter>Header Files\Utils</Filter>
    </ClInclude>
    <ClInclude Include="platform_defines.h">
      <Filter>Header Files</Filter>
    </ClInclude>
    <ClInclude Include="utils.h">
      <Filter>Header Files\Utils</Filter>
    </ClInclude>
    <ClInclude Include="rapidjson\allocators.h">
      <Filter>Header Files\Utils\RapidJson</Filter>
    </ClInclude>
    <ClInclude Include="rapidjson\document.h">
      <Filter>Header Files\Utils\RapidJson</Filter>
    </ClInclude>
    <ClInclude Include="rapidjson\encodedstream.h">
      <Filter>Header Files\Utils\RapidJson</Filter>
    </ClInclude>
    <ClInclude Include="rapidjson\encodings.h">
      <Filter>Header Files\Utils\RapidJson</Filter>
    </ClInclude>
    <ClInclude Include="rapidjson\filereadstream.h">
      <Filter>Header Files\Utils\RapidJson</Filter>
    </ClInclude>
    <ClInclude Include="rapidjson\filewritestream.h">
      <Filter>Header Files\Utils\RapidJson</Filter>
    </ClInclude>
    <ClInclude Include="rapidjson\memorybuffer.h">
      <Filter>Header Files\Utils\RapidJson</Filter>
    </ClInclude>
    <ClInclude Include="rapidjson\memorystream.h">
      <Filter>Header Files\Utils\RapidJson</Filter>
    </ClInclude>
    <ClInclude Include="rapidjson\pointer.h">
      <Filter>Header Files\Utils\RapidJson</Filter>
    </ClInclude>
    <ClInclude Include="rapidjson\prettywriter.h">
      <Filter>Header Files\Utils\RapidJson</Filter>
    </ClInclude>
    <ClInclude Include="rapidjson\rapidjson.h">
      <Filter>Header Files\Utils\RapidJson</Filter>
    </ClInclude>
    <ClInclude Include="rapidjson\reader.h">
      <Filter>Header Files\Utils\RapidJson</Filter>
    </ClInclude>
    <ClInclude Include="rapidjson\stringbuffer.h">
      <Filter>Header Files\Utils\RapidJson</Filter>
    </ClInclude>
    <ClInclude Include="rapidjson\writer.h">
      <Filter>Header Files\Utils\RapidJson</Filter>
    </ClInclude>
    <ClInclude Include="rapidjson\error\en.h">
      <Filter>Header Files\Utils\RapidJson\error</Filter>
    </ClInclude>
    <ClInclude Include="rapidjson\error\error.h">
      <Filter>Header Files\Utils\RapidJson\error</Filter>
    </ClInclude>
    <ClInclude Include="rapidjson\internal\biginteger.h">
      <Filter>Header Files\Utils\RapidJson\internal</Filter>
    </ClInclude>
    <ClInclude Include="rapidjson\internal\diyfp.h">
      <Filter>Header Files\Utils\RapidJson\internal</Filter>
    </ClInclude>
    <ClInclude Include="rapidjson\internal\dtoa.h">
      <Filter>Header Files\Utils\RapidJson\internal</Filter>
    </ClInclude>
    <ClInclude Include="rapidjson\internal\ieee754.h">
      <Filter>Header Files\Utils\RapidJson\internal</Filter>
    </ClInclude>
    <ClInclude Include="rapidjson\internal\itoa.h">
      <Filter>Header Files\Utils\RapidJson\internal</Filter>
    </ClInclude>
    <ClInclude Include="rapidjson\internal\meta.h">
      <Filter>Header Files\Utils\RapidJson\internal</Filter>
    </ClInclude>
    <ClInclude Include="rapidjson\internal\pow10.h">
      <Filter>Header Files\Utils\RapidJson\internal</Filter>
    </ClInclude>
    <ClInclude Include="rapidjson\internal\stack.h">
      <Filter>Header Files\Utils\RapidJson\internal</Filter>
    </ClInclude>
    <ClInclude Include="rapidjson\internal\strfunc.h">
      <Filter>Header Files\Utils\RapidJson\internal</Filter>
    </ClInclude>
    <ClInclude Include="rapidjson\internal\strtod.h">
      <Filter>Header Files\Utils\RapidJson\internal</Filter>
    </ClInclude>
    <ClInclude Include="rapidjson\internal\swap.h">
      <Filter>Header Files\Utils\RapidJson\internal</Filter>
    </ClInclude>
    <ClInclude Include="rapidjson\msinttypes\inttypes.h">
      <Filter>Header Files\Utils\RapidJson\msinttypes</Filter>
    </ClInclude>
    <ClInclude Include="rapidjson\msinttypes\stdint.h">
      <Filter>Header Files\Utils\RapidJson\msinttypes</Filter>
    </ClInclude>
    <ClInclude Include="inc_rapidjson.h">
      <Filter>Header Files\Utils</Filter>
    </ClInclude>
    <ClInclude Include="DisplaySettingsHelper.h">
      <Filter>Header Files</Filter>
    </ClInclude>
    <ClInclude Include="inc_libCZI.h">
      <Filter>Header Files</Filter>
    </ClInclude>
  </ItemGroup>
  <ItemGroup>
    <ClCompile Include="stdafx.cpp">
      <Filter>Source Files</Filter>
    </ClCompile>
    <ClCompile Include="getOpt.cpp">
      <Filter>Source Files\Options</Filter>
    </ClCompile>
    <ClCompile Include="cmdlineoptions.cpp">
      <Filter>Source Files\Options</Filter>
    </ClCompile>
    <ClCompile Include="consoleio.cpp">
      <Filter>Source Files\Options</Filter>
    </ClCompile>
    <ClCompile Include="execute.cpp">
      <Filter>Source Files</Filter>
    </ClCompile>
    <ClCompile Include="streamimpl.cpp">
      <Filter>Source Files\stream</Filter>
    </ClCompile>
    <ClCompile Include="SaveBitmap.cpp">
      <Filter>Source Files\Utils</Filter>
    </ClCompile>
    <ClCompile Include="utils.cpp">
      <Filter>Source Files\Utils</Filter>
    </ClCompile>
    <ClCompile Include="CZIcmd.cpp">
      <Filter>Source Files</Filter>
    </ClCompile>
  </ItemGroup>
</Project>